
Microsoft Visual Studio Solution File, Format Version 12.00
# Visual Studio Version 16
VisualStudioVersion = 16.0.32510.428
MinimumVisualStudioVersion = 10.0.40219.1
Project("{C9674DCB-5085-4A16-B785-4C70DD1589BD}") = "telecom SSIS", "telecom SSIS\telecom SSIS.dtproj", "{94B265A3-14DE-4949-A39F-7CB9881A2747}"
EndProject
Global
	GlobalSection(SolutionConfigurationPlatforms) = preSolution
		Development|Default = Development|Default
	EndGlobalSection
	GlobalSection(ProjectConfigurationPlatforms) = postSolution
		{94B265A3-14DE-4949-A39F-7CB9881A2747}.Development|Default.ActiveCfg = Development
		{94B265A3-14DE-4949-A39F-7CB9881A2747}.Development|Default.Build.0 = Development
	EndGlobalSection
	GlobalSection(SolutionProperties) = preSolution
		HideSolutionNode = FALSE
	EndGlobalSection
	GlobalSection(ExtensibilityGlobals) = postSolution
		SolutionGuid = {A129F4E3-7B05-4682-9114-8C32EB6DB01A}
	EndGlobalSection
EndGlobal
